// !$*UTF8*$!
{
	archiveVersion = 1;
	classes = {
	};
	objectVersion = 51;
	objects = {

/* Begin PBXBuildFile section */
		0008E3C127953D410089985B /* DetailCategoryViewController.swift in Sources */ = {isa = PBXBuildFile; fileRef = 0008E3C027953D410089985B /* DetailCategoryViewController.swift */; };
		0008E3C327953D770089985B /* CategoryViewController.swift in Sources */ = {isa = PBXBuildFile; fileRef = 0008E3C227953D770089985B /* CategoryViewController.swift */; };
		003EDAFF2793C9EA00C183A6 /* DetailCategoryTab.storyboard in Resources */ = {isa = PBXBuildFile; fileRef = 003EDAFE2793C9EA00C183A6 /* DetailCategoryTab.storyboard */; };
		00735E1227ABBA5F00552C37 /* CategoryTableVC.swift in Sources */ = {isa = PBXBuildFile; fileRef = 00735E1127ABBA5F00552C37 /* CategoryTableVC.swift */; };
		00735E1427ABC26C00552C37 /* CategoryTableView.storyboard in Resources */ = {isa = PBXBuildFile; fileRef = 00735E1327ABC26C00552C37 /* CategoryTableView.storyboard */; };
		00735E1627ABCEC000552C37 /* HomeVC.swift in Sources */ = {isa = PBXBuildFile; fileRef = 00735E1527ABCEBF00552C37 /* HomeVC.swift */; };
		0079288D2797E44C006B8EDE /* CategoryCollectionViewCell.swift in Sources */ = {isa = PBXBuildFile; fileRef = 0079288B2797E44C006B8EDE /* CategoryCollectionViewCell.swift */; };
		0079288E2797E44C006B8EDE /* CategoryCollectionViewCell.xib in Resources */ = {isa = PBXBuildFile; fileRef = 0079288C2797E44C006B8EDE /* CategoryCollectionViewCell.xib */; };
		007928902797E98E006B8EDE /* ServiceDataModel.swift in Sources */ = {isa = PBXBuildFile; fileRef = 0079288F2797E98E006B8EDE /* ServiceDataModel.swift */; };
		0099690327A16FFC00D7CDA2 /* DetailPageViewController.swift in Sources */ = {isa = PBXBuildFile; fileRef = 0099690227A16FFC00D7CDA2 /* DetailPageViewController.swift */; };
		00D0CCB4278BC3C50087EF87 /* SearchTab.storyboard in Resources */ = {isa = PBXBuildFile; fileRef = 00D0CCB3278BC3C50087EF87 /* SearchTab.storyboard */; };
		00D0CCB6278BC3DC0087EF87 /* CategoryTab.storyboard in Resources */ = {isa = PBXBuildFile; fileRef = 00D0CCB5278BC3DC0087EF87 /* CategoryTab.storyboard */; };
		00D0CCB8278BC3ED0087EF87 /* MyPageTab.storyboard in Resources */ = {isa = PBXBuildFile; fileRef = 00D0CCB7278BC3ED0087EF87 /* MyPageTab.storyboard */; };
		00D0CCBA278BC7140087EF87 /* HomeTab.storyboard in Resources */ = {isa = PBXBuildFile; fileRef = 00D0CCB9278BC7140087EF87 /* HomeTab.storyboard */; };
		00E3271327A39147003F8453 /* BestVC.swift in Sources */ = {isa = PBXBuildFile; fileRef = 00E3271227A39147003F8453 /* BestVC.swift */; };
		00E3271527A39158003F8453 /* FreeVC.swift in Sources */ = {isa = PBXBuildFile; fileRef = 00E3271427A39158003F8453 /* FreeVC.swift */; };
		00E3271727A3916A003F8453 /* CostVC.swift in Sources */ = {isa = PBXBuildFile; fileRef = 00E3271627A3916A003F8453 /* CostVC.swift */; };
		6A4324E6077B73484DAA70C1 /* Pods_Hyangyu.framework in Frameworks */ = {isa = PBXBuildFile; fileRef = 804693A4DEEB4D51050E0217 /* Pods_Hyangyu.framework */; };
		83B34E01278735FF009A8009 /* AppDelegate.swift in Sources */ = {isa = PBXBuildFile; fileRef = 83B34E00278735FF009A8009 /* AppDelegate.swift */; };
		83B34E03278735FF009A8009 /* SceneDelegate.swift in Sources */ = {isa = PBXBuildFile; fileRef = 83B34E02278735FF009A8009 /* SceneDelegate.swift */; };
		83B34E05278735FF009A8009 /* ViewController.swift in Sources */ = {isa = PBXBuildFile; fileRef = 83B34E04278735FF009A8009 /* ViewController.swift */; };
		83B34E08278735FF009A8009 /* Main.storyboard in Resources */ = {isa = PBXBuildFile; fileRef = 83B34E06278735FF009A8009 /* Main.storyboard */; };
		83B34E0A27873600009A8009 /* Assets.xcassets in Resources */ = {isa = PBXBuildFile; fileRef = 83B34E0927873600009A8009 /* Assets.xcassets */; };
		83B34E0D27873600009A8009 /* LaunchScreen.storyboard in Resources */ = {isa = PBXBuildFile; fileRef = 83B34E0B27873600009A8009 /* LaunchScreen.storyboard */; };
/* End PBXBuildFile section */

/* Begin PBXFileReference section */
		0008E3C027953D410089985B /* DetailCategoryViewController.swift */ = {isa = PBXFileReference; lastKnownFileType = sourcecode.swift; path = DetailCategoryViewController.swift; sourceTree = "<group>"; };
		0008E3C227953D770089985B /* CategoryViewController.swift */ = {isa = PBXFileReference; lastKnownFileType = sourcecode.swift; path = CategoryViewController.swift; sourceTree = "<group>"; };
		003EDAFE2793C9EA00C183A6 /* DetailCategoryTab.storyboard */ = {isa = PBXFileReference; lastKnownFileType = file.storyboard; path = DetailCategoryTab.storyboard; sourceTree = "<group>"; };
		00735E1127ABBA5F00552C37 /* CategoryTableVC.swift */ = {isa = PBXFileReference; lastKnownFileType = sourcecode.swift; path = CategoryTableVC.swift; sourceTree = "<group>"; };
		00735E1327ABC26C00552C37 /* CategoryTableView.storyboard */ = {isa = PBXFileReference; fileEncoding = 4; lastKnownFileType = file.storyboard; name = CategoryTableView.storyboard; path = "../../../../../../Library/Mobile Documents/com~apple~CloudDocs/.Trash/CategoryTableView.storyboard"; sourceTree = "<group>"; };
		00735E1527ABCEBF00552C37 /* HomeVC.swift */ = {isa = PBXFileReference; lastKnownFileType = sourcecode.swift; path = HomeVC.swift; sourceTree = "<group>"; };
		0079288B2797E44C006B8EDE /* CategoryCollectionViewCell.swift */ = {isa = PBXFileReference; lastKnownFileType = sourcecode.swift; path = CategoryCollectionViewCell.swift; sourceTree = "<group>"; };
		0079288C2797E44C006B8EDE /* CategoryCollectionViewCell.xib */ = {isa = PBXFileReference; lastKnownFileType = file.xib; path = CategoryCollectionViewCell.xib; sourceTree = "<group>"; };
		0079288F2797E98E006B8EDE /* ServiceDataModel.swift */ = {isa = PBXFileReference; lastKnownFileType = sourcecode.swift; path = ServiceDataModel.swift; sourceTree = "<group>"; };
		0099690227A16FFC00D7CDA2 /* DetailPageViewController.swift */ = {isa = PBXFileReference; lastKnownFileType = sourcecode.swift; path = DetailPageViewController.swift; sourceTree = "<group>"; };
		00D0CCB3278BC3C50087EF87 /* SearchTab.storyboard */ = {isa = PBXFileReference; lastKnownFileType = file.storyboard; path = SearchTab.storyboard; sourceTree = "<group>"; };
		00D0CCB5278BC3DC0087EF87 /* CategoryTab.storyboard */ = {isa = PBXFileReference; lastKnownFileType = file.storyboard; path = CategoryTab.storyboard; sourceTree = "<group>"; };
		00D0CCB7278BC3ED0087EF87 /* MyPageTab.storyboard */ = {isa = PBXFileReference; lastKnownFileType = file.storyboard; path = MyPageTab.storyboard; sourceTree = "<group>"; };
		00D0CCB9278BC7140087EF87 /* HomeTab.storyboard */ = {isa = PBXFileReference; lastKnownFileType = file.storyboard; path = HomeTab.storyboard; sourceTree = "<group>"; };
		00E3271227A39147003F8453 /* BestVC.swift */ = {isa = PBXFileReference; lastKnownFileType = sourcecode.swift; path = BestVC.swift; sourceTree = "<group>"; };
		00E3271427A39158003F8453 /* FreeVC.swift */ = {isa = PBXFileReference; lastKnownFileType = sourcecode.swift; path = FreeVC.swift; sourceTree = "<group>"; };
		00E3271627A3916A003F8453 /* CostVC.swift */ = {isa = PBXFileReference; lastKnownFileType = sourcecode.swift; path = CostVC.swift; sourceTree = "<group>"; };
		804693A4DEEB4D51050E0217 /* Pods_Hyangyu.framework */ = {isa = PBXFileReference; explicitFileType = wrapper.framework; includeInIndex = 0; path = Pods_Hyangyu.framework; sourceTree = BUILT_PRODUCTS_DIR; };
		83B34DFD278735FF009A8009 /* Hyangyu.app */ = {isa = PBXFileReference; explicitFileType = wrapper.application; includeInIndex = 0; path = Hyangyu.app; sourceTree = BUILT_PRODUCTS_DIR; };
		83B34E00278735FF009A8009 /* AppDelegate.swift */ = {isa = PBXFileReference; lastKnownFileType = sourcecode.swift; path = AppDelegate.swift; sourceTree = "<group>"; };
		83B34E02278735FF009A8009 /* SceneDelegate.swift */ = {isa = PBXFileReference; lastKnownFileType = sourcecode.swift; path = SceneDelegate.swift; sourceTree = "<group>"; };
		83B34E04278735FF009A8009 /* ViewController.swift */ = {isa = PBXFileReference; lastKnownFileType = sourcecode.swift; path = ViewController.swift; sourceTree = "<group>"; };
		83B34E07278735FF009A8009 /* Base */ = {isa = PBXFileReference; lastKnownFileType = file.storyboard; name = Base; path = Base.lproj/Main.storyboard; sourceTree = "<group>"; };
		83B34E0927873600009A8009 /* Assets.xcassets */ = {isa = PBXFileReference; lastKnownFileType = folder.assetcatalog; path = Assets.xcassets; sourceTree = "<group>"; };
		83B34E0C27873600009A8009 /* Base */ = {isa = PBXFileReference; lastKnownFileType = file.storyboard; name = Base; path = Base.lproj/LaunchScreen.storyboard; sourceTree = "<group>"; };
		83B34E0E27873600009A8009 /* Info.plist */ = {isa = PBXFileReference; lastKnownFileType = text.plist.xml; path = Info.plist; sourceTree = "<group>"; };
		9EA327C994450EF6EBF2D7D3 /* Pods-Hyangyu.debug.xcconfig */ = {isa = PBXFileReference; includeInIndex = 1; lastKnownFileType = text.xcconfig; name = "Pods-Hyangyu.debug.xcconfig"; path = "Target Support Files/Pods-Hyangyu/Pods-Hyangyu.debug.xcconfig"; sourceTree = "<group>"; };
		FA2EBFDC269698930C317BFF /* Pods-Hyangyu.release.xcconfig */ = {isa = PBXFileReference; includeInIndex = 1; lastKnownFileType = text.xcconfig; name = "Pods-Hyangyu.release.xcconfig"; path = "Target Support Files/Pods-Hyangyu/Pods-Hyangyu.release.xcconfig"; sourceTree = "<group>"; };
/* End PBXFileReference section */

/* Begin PBXFrameworksBuildPhase section */
		83B34DFA278735FF009A8009 /* Frameworks */ = {
			isa = PBXFrameworksBuildPhase;
			buildActionMask = 2147483647;
			files = (
				6A4324E6077B73484DAA70C1 /* Pods_Hyangyu.framework in Frameworks */,
			);
			runOnlyForDeploymentPostprocessing = 0;
		};
/* End PBXFrameworksBuildPhase section */

/* Begin PBXGroup section */
		66E8DBB31F43C4F6A3ADC179 /* Pods */ = {
			isa = PBXGroup;
			children = (
				9EA327C994450EF6EBF2D7D3 /* Pods-Hyangyu.debug.xcconfig */,
				FA2EBFDC269698930C317BFF /* Pods-Hyangyu.release.xcconfig */,
			);
			path = Pods;
			sourceTree = "<group>";
		};
		83B34DF4278735FF009A8009 = {
			isa = PBXGroup;
			children = (
				83B34DFF278735FF009A8009 /* Hyangyu */,
				83B34DFE278735FF009A8009 /* Products */,
				66E8DBB31F43C4F6A3ADC179 /* Pods */,
				BA51C7743633621614EE40D5 /* Frameworks */,
			);
			sourceTree = "<group>";
		};
		83B34DFE278735FF009A8009 /* Products */ = {
			isa = PBXGroup;
			children = (
				83B34DFD278735FF009A8009 /* Hyangyu.app */,
			);
			name = Products;
			sourceTree = "<group>";
		};
		83B34DFF278735FF009A8009 /* Hyangyu */ = {
			isa = PBXGroup;
			children = (
				83B34E162787364A009A8009 /* Sources */,
				83B34E1527873640009A8009 /* Resources */,
				83B34E0B27873600009A8009 /* LaunchScreen.storyboard */,
				83B34E0E27873600009A8009 /* Info.plist */,
			);
			path = Hyangyu;
			sourceTree = "<group>";
		};
		83B34E1527873640009A8009 /* Resources */ = {
			isa = PBXGroup;
			children = (
				83B34E182787367D009A8009 /* Storyboards */,
				83B34E172787366C009A8009 /* Font */,
				83B34E0927873600009A8009 /* Assets.xcassets */,
			);
			path = Resources;
			sourceTree = "<group>";
		};
		83B34E162787364A009A8009 /* Sources */ = {
			isa = PBXGroup;
			children = (
				83B34E1D278736E3009A8009 /* ViewModels */,
				83B34E1C278736D0009A8009 /* Cells */,
				83B34E1B278736C4009A8009 /* APIModels */,
				83B34E1A278736B3009A8009 /* ViewControllers */,
				83B34E19278736A8009A8009 /* Views */,
				83B34E00278735FF009A8009 /* AppDelegate.swift */,
				83B34E02278735FF009A8009 /* SceneDelegate.swift */,
			);
			path = Sources;
			sourceTree = "<group>";
		};
		83B34E172787366C009A8009 /* Font */ = {
			isa = PBXGroup;
			children = (
			);
			path = Font;
			sourceTree = "<group>";
		};
		83B34E182787367D009A8009 /* Storyboards */ = {
			isa = PBXGroup;
			children = (
				83B34E06278735FF009A8009 /* Main.storyboard */,
				00D0CCB9278BC7140087EF87 /* HomeTab.storyboard */,
				00D0CCB3278BC3C50087EF87 /* SearchTab.storyboard */,
				00D0CCB5278BC3DC0087EF87 /* CategoryTab.storyboard */,
				003EDAFE2793C9EA00C183A6 /* DetailCategoryTab.storyboard */,
				00735E1327ABC26C00552C37 /* CategoryTableView.storyboard */,
				00D0CCB7278BC3ED0087EF87 /* MyPageTab.storyboard */,
			);
			path = Storyboards;
			sourceTree = "<group>";
		};
		83B34E19278736A8009A8009 /* Views */ = {
			isa = PBXGroup;
			children = (
			);
			path = Views;
			sourceTree = "<group>";
		};
		83B34E1A278736B3009A8009 /* ViewControllers */ = {
			isa = PBXGroup;
			children = (
				83B34E04278735FF009A8009 /* ViewController.swift */,
				0008E3C027953D410089985B /* DetailCategoryViewController.swift */,
				0008E3C227953D770089985B /* CategoryViewController.swift */,
				0079288F2797E98E006B8EDE /* ServiceDataModel.swift */,
				0099690227A16FFC00D7CDA2 /* DetailPageViewController.swift */,
				00E3271227A39147003F8453 /* BestVC.swift */,
				00E3271427A39158003F8453 /* FreeVC.swift */,
				00E3271627A3916A003F8453 /* CostVC.swift */,
				00735E1127ABBA5F00552C37 /* CategoryTableVC.swift */,
				00735E1527ABCEBF00552C37 /* HomeVC.swift */,
			);
			path = ViewControllers;
			sourceTree = "<group>";
		};
		83B34E1B278736C4009A8009 /* APIModels */ = {
			isa = PBXGroup;
			children = (
			);
			path = APIModels;
			sourceTree = "<group>";
		};
		83B34E1C278736D0009A8009 /* Cells */ = {
			isa = PBXGroup;
			children = (
				0079288B2797E44C006B8EDE /* CategoryCollectionViewCell.swift */,
				0079288C2797E44C006B8EDE /* CategoryCollectionViewCell.xib */,
			);
			path = Cells;
			sourceTree = "<group>";
		};
		83B34E1D278736E3009A8009 /* ViewModels */ = {
			isa = PBXGroup;
			children = (
			);
			path = ViewModels;
			sourceTree = "<group>";
		};
		BA51C7743633621614EE40D5 /* Frameworks */ = {
			isa = PBXGroup;
			children = (
				804693A4DEEB4D51050E0217 /* Pods_Hyangyu.framework */,
			);
			name = Frameworks;
			sourceTree = "<group>";
		};
/* End PBXGroup section */

/* Begin PBXNativeTarget section */
		83B34DFC278735FF009A8009 /* Hyangyu */ = {
			isa = PBXNativeTarget;
			buildConfigurationList = 83B34E1127873600009A8009 /* Build configuration list for PBXNativeTarget "Hyangyu" */;
			buildPhases = (
				BCD7B72CE654B49324CC23F9 /* [CP] Check Pods Manifest.lock */,
				83B34DF9278735FF009A8009 /* Sources */,
				83B34DFA278735FF009A8009 /* Frameworks */,
				83B34DFB278735FF009A8009 /* Resources */,
				C6B0C43D83B78067A71A40BC /* [CP] Embed Pods Frameworks */,
				83B34E1F27873ACA009A8009 /* ShellScript */,
			);
			buildRules = (
			);
			dependencies = (
			);
			name = Hyangyu;
			productName = Hyangyu;
			productReference = 83B34DFD278735FF009A8009 /* Hyangyu.app */;
			productType = "com.apple.product-type.application";
		};
/* End PBXNativeTarget section */

/* Begin PBXProject section */
		83B34DF5278735FF009A8009 /* Project object */ = {
			isa = PBXProject;
			attributes = {
				LastSwiftUpdateCheck = 1210;
				LastUpgradeCheck = 1210;
				TargetAttributes = {
					83B34DFC278735FF009A8009 = {
						CreatedOnToolsVersion = 12.1;
					};
				};
			};
			buildConfigurationList = 83B34DF8278735FF009A8009 /* Build configuration list for PBXProject "Hyangyu" */;
			compatibilityVersion = "Xcode 9.3";
			developmentRegion = en;
			hasScannedForEncodings = 0;
			knownRegions = (
				en,
				Base,
			);
			mainGroup = 83B34DF4278735FF009A8009;
			productRefGroup = 83B34DFE278735FF009A8009 /* Products */;
			projectDirPath = "";
			projectRoot = "";
			targets = (
				83B34DFC278735FF009A8009 /* Hyangyu */,
			);
		};
/* End PBXProject section */

/* Begin PBXResourcesBuildPhase section */
		83B34DFB278735FF009A8009 /* Resources */ = {
			isa = PBXResourcesBuildPhase;
			buildActionMask = 2147483647;
			files = (
				00D0CCB4278BC3C50087EF87 /* SearchTab.storyboard in Resources */,
				83B34E0D27873600009A8009 /* LaunchScreen.storyboard in Resources */,
				00D0CCBA278BC7140087EF87 /* HomeTab.storyboard in Resources */,
				003EDAFF2793C9EA00C183A6 /* DetailCategoryTab.storyboard in Resources */,
				00735E1427ABC26C00552C37 /* CategoryTableView.storyboard in Resources */,
				83B34E0A27873600009A8009 /* Assets.xcassets in Resources */,
				00D0CCB8278BC3ED0087EF87 /* MyPageTab.storyboard in Resources */,
				0079288E2797E44C006B8EDE /* CategoryCollectionViewCell.xib in Resources */,
				00D0CCB6278BC3DC0087EF87 /* CategoryTab.storyboard in Resources */,
				83B34E08278735FF009A8009 /* Main.storyboard in Resources */,
			);
			runOnlyForDeploymentPostprocessing = 0;
		};
/* End PBXResourcesBuildPhase section */

/* Begin PBXShellScriptBuildPhase section */
		83B34E1F27873ACA009A8009 /* ShellScript */ = {
			isa = PBXShellScriptBuildPhase;
			buildActionMask = 2147483647;
			files = (
			);
			inputFileListPaths = (
			);
			inputPaths = (
			);
			outputFileListPaths = (
			);
			outputPaths = (
			);
			runOnlyForDeploymentPostprocessing = 0;
			shellPath = /bin/sh;
			shellScript = "${PODS_ROOT}/SwiftLint/swiftlint\n\n";
		};
		BCD7B72CE654B49324CC23F9 /* [CP] Check Pods Manifest.lock */ = {
			isa = PBXShellScriptBuildPhase;
			buildActionMask = 2147483647;
			files = (
			);
			inputFileListPaths = (
			);
			inputPaths = (
				"${PODS_PODFILE_DIR_PATH}/Podfile.lock",
				"${PODS_ROOT}/Manifest.lock",
			);
			name = "[CP] Check Pods Manifest.lock";
			outputFileListPaths = (
			);
			outputPaths = (
				"$(DERIVED_FILE_DIR)/Pods-Hyangyu-checkManifestLockResult.txt",
			);
			runOnlyForDeploymentPostprocessing = 0;
			shellPath = /bin/sh;
			shellScript = "diff \"${PODS_PODFILE_DIR_PATH}/Podfile.lock\" \"${PODS_ROOT}/Manifest.lock\" > /dev/null\nif [ $? != 0 ] ; then\n    # print error to STDERR\n    echo \"error: The sandbox is not in sync with the Podfile.lock. Run 'pod install' or update your CocoaPods installation.\" >&2\n    exit 1\nfi\n# This output is used by Xcode 'outputs' to avoid re-running this script phase.\necho \"SUCCESS\" > \"${SCRIPT_OUTPUT_FILE_0}\"\n";
			showEnvVarsInLog = 0;
		};
		C6B0C43D83B78067A71A40BC /* [CP] Embed Pods Frameworks */ = {
			isa = PBXShellScriptBuildPhase;
			buildActionMask = 2147483647;
			files = (
			);
			inputFileListPaths = (
				"${PODS_ROOT}/Target Support Files/Pods-Hyangyu/Pods-Hyangyu-frameworks-${CONFIGURATION}-input-files.xcfilelist",
			);
			name = "[CP] Embed Pods Frameworks";
			outputFileListPaths = (
				"${PODS_ROOT}/Target Support Files/Pods-Hyangyu/Pods-Hyangyu-frameworks-${CONFIGURATION}-output-files.xcfilelist",
			);
			runOnlyForDeploymentPostprocessing = 0;
			shellPath = /bin/sh;
			shellScript = "\"${PODS_ROOT}/Target Support Files/Pods-Hyangyu/Pods-Hyangyu-frameworks.sh\"\n";
			showEnvVarsInLog = 0;
		};
/* End PBXShellScriptBuildPhase section */

/* Begin PBXSourcesBuildPhase section */
		83B34DF9278735FF009A8009 /* Sources */ = {
			isa = PBXSourcesBuildPhase;
			buildActionMask = 2147483647;
			files = (
				00E3271327A39147003F8453 /* BestVC.swift in Sources */,
				0099690327A16FFC00D7CDA2 /* DetailPageViewController.swift in Sources */,
				0008E3C327953D770089985B /* CategoryViewController.swift in Sources */,
				83B34E05278735FF009A8009 /* ViewController.swift in Sources */,
				00735E1627ABCEC000552C37 /* HomeVC.swift in Sources */,
				0008E3C127953D410089985B /* DetailCategoryViewController.swift in Sources */,
				007928902797E98E006B8EDE /* ServiceDataModel.swift in Sources */,
				83B34E01278735FF009A8009 /* AppDelegate.swift in Sources */,
				00735E1227ABBA5F00552C37 /* CategoryTableVC.swift in Sources */,
				00E3271527A39158003F8453 /* FreeVC.swift in Sources */,
				00E3271727A3916A003F8453 /* CostVC.swift in Sources */,
				0079288D2797E44C006B8EDE /* CategoryCollectionViewCell.swift in Sources */,
				83B34E03278735FF009A8009 /* SceneDelegate.swift in Sources */,
			);
			runOnlyForDeploymentPostprocessing = 0;
		};
/* End PBXSourcesBuildPhase section */

/* Begin PBXVariantGroup section */
		83B34E06278735FF009A8009 /* Main.storyboard */ = {
			isa = PBXVariantGroup;
			children = (
				83B34E07278735FF009A8009 /* Base */,
			);
			name = Main.storyboard;
			sourceTree = "<group>";
		};
		83B34E0B27873600009A8009 /* LaunchScreen.storyboard */ = {
			isa = PBXVariantGroup;
			children = (
				83B34E0C27873600009A8009 /* Base */,
			);
			name = LaunchScreen.storyboard;
			sourceTree = "<group>";
		};
/* End PBXVariantGroup section */

/* Begin XCBuildConfiguration section */
		83B34E0F27873600009A8009 /* Debug */ = {
			isa = XCBuildConfiguration;
			buildSettings = {
				ALWAYS_SEARCH_USER_PATHS = NO;
				CLANG_ANALYZER_NONNULL = YES;
				CLANG_ANALYZER_NUMBER_OBJECT_CONVERSION = YES_AGGRESSIVE;
				CLANG_CXX_LANGUAGE_STANDARD = "gnu++14";
				CLANG_CXX_LIBRARY = "libc++";
				CLANG_ENABLE_MODULES = YES;
				CLANG_ENABLE_OBJC_ARC = YES;
				CLANG_ENABLE_OBJC_WEAK = YES;
				CLANG_WARN_BLOCK_CAPTURE_AUTORELEASING = YES;
				CLANG_WARN_BOOL_CONVERSION = YES;
				CLANG_WARN_COMMA = YES;
				CLANG_WARN_CONSTANT_CONVERSION = YES;
				CLANG_WARN_DEPRECATED_OBJC_IMPLEMENTATIONS = YES;
				CLANG_WARN_DIRECT_OBJC_ISA_USAGE = YES_ERROR;
				CLANG_WARN_DOCUMENTATION_COMMENTS = YES;
				CLANG_WARN_EMPTY_BODY = YES;
				CLANG_WARN_ENUM_CONVERSION = YES;
				CLANG_WARN_INFINITE_RECURSION = YES;
				CLANG_WARN_INT_CONVERSION = YES;
				CLANG_WARN_NON_LITERAL_NULL_CONVERSION = YES;
				CLANG_WARN_OBJC_IMPLICIT_RETAIN_SELF = YES;
				CLANG_WARN_OBJC_LITERAL_CONVERSION = YES;
				CLANG_WARN_OBJC_ROOT_CLASS = YES_ERROR;
				CLANG_WARN_QUOTED_INCLUDE_IN_FRAMEWORK_HEADER = YES;
				CLANG_WARN_RANGE_LOOP_ANALYSIS = YES;
				CLANG_WARN_STRICT_PROTOTYPES = YES;
				CLANG_WARN_SUSPICIOUS_MOVE = YES;
				CLANG_WARN_UNGUARDED_AVAILABILITY = YES_AGGRESSIVE;
				CLANG_WARN_UNREACHABLE_CODE = YES;
				CLANG_WARN__DUPLICATE_METHOD_MATCH = YES;
				COPY_PHASE_STRIP = NO;
				DEBUG_INFORMATION_FORMAT = dwarf;
				ENABLE_STRICT_OBJC_MSGSEND = YES;
				ENABLE_TESTABILITY = YES;
				GCC_C_LANGUAGE_STANDARD = gnu11;
				GCC_DYNAMIC_NO_PIC = NO;
				GCC_NO_COMMON_BLOCKS = YES;
				GCC_OPTIMIZATION_LEVEL = 0;
				GCC_PREPROCESSOR_DEFINITIONS = (
					"DEBUG=1",
					"$(inherited)",
				);
				GCC_WARN_64_TO_32_BIT_CONVERSION = YES;
				GCC_WARN_ABOUT_RETURN_TYPE = YES_ERROR;
				GCC_WARN_UNDECLARED_SELECTOR = YES;
				GCC_WARN_UNINITIALIZED_AUTOS = YES_AGGRESSIVE;
				GCC_WARN_UNUSED_FUNCTION = YES;
				GCC_WARN_UNUSED_VARIABLE = YES;
				IPHONEOS_DEPLOYMENT_TARGET = 14.1;
				MTL_ENABLE_DEBUG_INFO = INCLUDE_SOURCE;
				MTL_FAST_MATH = YES;
				ONLY_ACTIVE_ARCH = YES;
				SDKROOT = iphoneos;
				SWIFT_ACTIVE_COMPILATION_CONDITIONS = DEBUG;
				SWIFT_OPTIMIZATION_LEVEL = "-Onone";
			};
			name = Debug;
		};
		83B34E1027873600009A8009 /* Release */ = {
			isa = XCBuildConfiguration;
			buildSettings = {
				ALWAYS_SEARCH_USER_PATHS = NO;
				CLANG_ANALYZER_NONNULL = YES;
				CLANG_ANALYZER_NUMBER_OBJECT_CONVERSION = YES_AGGRESSIVE;
				CLANG_CXX_LANGUAGE_STANDARD = "gnu++14";
				CLANG_CXX_LIBRARY = "libc++";
				CLANG_ENABLE_MODULES = YES;
				CLANG_ENABLE_OBJC_ARC = YES;
				CLANG_ENABLE_OBJC_WEAK = YES;
				CLANG_WARN_BLOCK_CAPTURE_AUTORELEASING = YES;
				CLANG_WARN_BOOL_CONVERSION = YES;
				CLANG_WARN_COMMA = YES;
				CLANG_WARN_CONSTANT_CONVERSION = YES;
				CLANG_WARN_DEPRECATED_OBJC_IMPLEMENTATIONS = YES;
				CLANG_WARN_DIRECT_OBJC_ISA_USAGE = YES_ERROR;
				CLANG_WARN_DOCUMENTATION_COMMENTS = YES;
				CLANG_WARN_EMPTY_BODY = YES;
				CLANG_WARN_ENUM_CONVERSION = YES;
				CLANG_WARN_INFINITE_RECURSION = YES;
				CLANG_WARN_INT_CONVERSION = YES;
				CLANG_WARN_NON_LITERAL_NULL_CONVERSION = YES;
				CLANG_WARN_OBJC_IMPLICIT_RETAIN_SELF = YES;
				CLANG_WARN_OBJC_LITERAL_CONVERSION = YES;
				CLANG_WARN_OBJC_ROOT_CLASS = YES_ERROR;
				CLANG_WARN_QUOTED_INCLUDE_IN_FRAMEWORK_HEADER = YES;
				CLANG_WARN_RANGE_LOOP_ANALYSIS = YES;
				CLANG_WARN_STRICT_PROTOTYPES = YES;
				CLANG_WARN_SUSPICIOUS_MOVE = YES;
				CLANG_WARN_UNGUARDED_AVAILABILITY = YES_AGGRESSIVE;
				CLANG_WARN_UNREACHABLE_CODE = YES;
				CLANG_WARN__DUPLICATE_METHOD_MATCH = YES;
				COPY_PHASE_STRIP = NO;
				DEBUG_INFORMATION_FORMAT = "dwarf-with-dsym";
				ENABLE_NS_ASSERTIONS = NO;
				ENABLE_STRICT_OBJC_MSGSEND = YES;
				GCC_C_LANGUAGE_STANDARD = gnu11;
				GCC_NO_COMMON_BLOCKS = YES;
				GCC_WARN_64_TO_32_BIT_CONVERSION = YES;
				GCC_WARN_ABOUT_RETURN_TYPE = YES_ERROR;
				GCC_WARN_UNDECLARED_SELECTOR = YES;
				GCC_WARN_UNINITIALIZED_AUTOS = YES_AGGRESSIVE;
				GCC_WARN_UNUSED_FUNCTION = YES;
				GCC_WARN_UNUSED_VARIABLE = YES;
				IPHONEOS_DEPLOYMENT_TARGET = 14.1;
				MTL_ENABLE_DEBUG_INFO = NO;
				MTL_FAST_MATH = YES;
				SDKROOT = iphoneos;
				SWIFT_COMPILATION_MODE = wholemodule;
				SWIFT_OPTIMIZATION_LEVEL = "-O";
				VALIDATE_PRODUCT = YES;
			};
			name = Release;
		};
		83B34E1227873600009A8009 /* Debug */ = {
			isa = XCBuildConfiguration;
			baseConfigurationReference = 9EA327C994450EF6EBF2D7D3 /* Pods-Hyangyu.debug.xcconfig */;
			buildSettings = {
				ASSETCATALOG_COMPILER_APPICON_NAME = AppIcon;
				ASSETCATALOG_COMPILER_GLOBAL_ACCENT_COLOR_NAME = AccentColor;
				CODE_SIGN_STYLE = Automatic;
				INFOPLIST_FILE = Hyangyu/Info.plist;
				LD_RUNPATH_SEARCH_PATHS = (
					"$(inherited)",
					"@executable_path/Frameworks",
				);
				PRODUCT_BUNDLE_IDENTIFIER = com.2m4t.Hyangyu.Hyangyu;
				PRODUCT_NAME = "$(TARGET_NAME)";
				SWIFT_VERSION = 5.0;
				TARGETED_DEVICE_FAMILY = "1,2";
			};
			name = Debug;
		};
		83B34E1327873600009A8009 /* Release */ = {
			isa = XCBuildConfiguration;
			baseConfigurationReference = FA2EBFDC269698930C317BFF /* Pods-Hyangyu.release.xcconfig */;
			buildSettings = {
				ASSETCATALOG_COMPILER_APPICON_NAME = AppIcon;
				ASSETCATALOG_COMPILER_GLOBAL_ACCENT_COLOR_NAME = AccentColor;
				CODE_SIGN_STYLE = Automatic;
				INFOPLIST_FILE = Hyangyu/Info.plist;
				LD_RUNPATH_SEARCH_PATHS = (
					"$(inherited)",
					"@executable_path/Frameworks",
				);
				PRODUCT_BUNDLE_IDENTIFIER = com.2m4t.Hyangyu.Hyangyu;
				PRODUCT_NAME = "$(TARGET_NAME)";
				SWIFT_VERSION = 5.0;
				TARGETED_DEVICE_FAMILY = "1,2";
			};
			name = Release;
		};
/* End XCBuildConfiguration section */

/* Begin XCConfigurationList section */
		83B34DF8278735FF009A8009 /* Build configuration list for PBXProject "Hyangyu" */ = {
			isa = XCConfigurationList;
			buildConfigurations = (
				83B34E0F27873600009A8009 /* Debug */,
				83B34E1027873600009A8009 /* Release */,
			);
			defaultConfigurationIsVisible = 0;
			defaultConfigurationName = Release;
		};
		83B34E1127873600009A8009 /* Build configuration list for PBXNativeTarget "Hyangyu" */ = {
			isa = XCConfigurationList;
			buildConfigurations = (
				83B34E1227873600009A8009 /* Debug */,
				83B34E1327873600009A8009 /* Release */,
			);
			defaultConfigurationIsVisible = 0;
			defaultConfigurationName = Release;
		};
/* End XCConfigurationList section */
	};
	rootObject = 83B34DF5278735FF009A8009 /* Project object */;
}
