// !$*UTF8*$!
{
	archiveVersion = 1;
	classes = {
	};
	objectVersion = 51;
	objects = {

/* Begin PBXBuildFile section */
		236279152796841A00C16340 /* HomeViewController.swift in Sources */ = {isa = PBXBuildFile; fileRef = 236279142796841A00C16340 /* HomeViewController.swift */; };
		236279172796894800C16340 /* Main.storyboard in Resources */ = {isa = PBXBuildFile; fileRef = 236279162796894800C16340 /* Main.storyboard */; };
		237FDF5927AFEC1500898B22 /* HashtagDetailDataModel.swift in Sources */ = {isa = PBXBuildFile; fileRef = 237FDF5527AFEC1500898B22 /* HashtagDetailDataModel.swift */; };
		237FDF5A27AFEC1500898B22 /* HomePosterDataModel.swift in Sources */ = {isa = PBXBuildFile; fileRef = 237FDF5627AFEC1500898B22 /* HomePosterDataModel.swift */; };
		237FDF5B27AFEC1500898B22 /* HomeHashtagDataModel.swift in Sources */ = {isa = PBXBuildFile; fileRef = 237FDF5727AFEC1500898B22 /* HomeHashtagDataModel.swift */; };
		23842A92279EBCD600621427 /* HomeViewController.swift in Sources */ = {isa = PBXBuildFile; fileRef = 23842A8C279EBCD600621427 /* HomeViewController.swift */; };
		23842A94279EBCD600621427 /* ReviewEditViewController.swift in Sources */ = {isa = PBXBuildFile; fileRef = 23842A8E279EBCD600621427 /* ReviewEditViewController.swift */; };
		23842A95279EBCD600621427 /* ReviewViewController.swift in Sources */ = {isa = PBXBuildFile; fileRef = 23842A8F279EBCD600621427 /* ReviewViewController.swift */; };
		23842A96279EBCD600621427 /* HomeImageViewController.swift in Sources */ = {isa = PBXBuildFile; fileRef = 23842A90279EBCD600621427 /* HomeImageViewController.swift */; };
		23842A97279EBCD600621427 /* HashtagDetailViewController.swift in Sources */ = {isa = PBXBuildFile; fileRef = 23842A91279EBCD600621427 /* HashtagDetailViewController.swift */; };
		23842A9C279EBCE800621427 /* HashtagCollectionViewCell.swift in Sources */ = {isa = PBXBuildFile; fileRef = 23842A98279EBCE800621427 /* HashtagCollectionViewCell.swift */; };
		23842A9D279EBCE800621427 /* ReviewTableViewCell.swift in Sources */ = {isa = PBXBuildFile; fileRef = 23842A99279EBCE800621427 /* ReviewTableViewCell.swift */; };
		23842A9E279EBCE800621427 /* HomeImageCollectionViewCell.swift in Sources */ = {isa = PBXBuildFile; fileRef = 23842A9A279EBCE800621427 /* HomeImageCollectionViewCell.swift */; };
		23842A9F279EBCE800621427 /* HashtagDetailTableViewCell.swift in Sources */ = {isa = PBXBuildFile; fileRef = 23842A9B279EBCE800621427 /* HashtagDetailTableViewCell.swift */; };
		23842AA7279EBCF800621427 /* ReviewDataModel.swift in Sources */ = {isa = PBXBuildFile; fileRef = 23842AA3279EBCF800621427 /* ReviewDataModel.swift */; };
		23842AA9279EBD3800621427 /* Review.storyboard in Resources */ = {isa = PBXBuildFile; fileRef = 23842AA8279EBD3800621427 /* Review.storyboard */; };
		23C6669327B3C3ED00FD2BF0 /* Home.storyboard in Resources */ = {isa = PBXBuildFile; fileRef = 236279122796840B00C16340 /* Home.storyboard */; };
		23C6669A27B4CCAE00FD2BF0 /* HomeApiDataModel.swift in Sources */ = {isa = PBXBuildFile; fileRef = 23C6669927B4CCAE00FD2BF0 /* HomeApiDataModel.swift */; };
		23C6669C27B4CCB000FD2BF0 /* HomeGetDataService.swift in Sources */ = {isa = PBXBuildFile; fileRef = 23C6669B27B4CCB000FD2BF0 /* HomeGetDataService.swift */; };
		23C6669E27B4CCB500FD2BF0 /* HomeNetworkResult.swift in Sources */ = {isa = PBXBuildFile; fileRef = 23C6669D27B4CCB500FD2BF0 /* HomeNetworkResult.swift */; };
		6A4324E6077B73484DAA70C1 /* Pods_Hyangyu.framework in Frameworks */ = {isa = PBXBuildFile; fileRef = 804693A4DEEB4D51050E0217 /* Pods_Hyangyu.framework */; };
		83B34E01278735FF009A8009 /* AppDelegate.swift in Sources */ = {isa = PBXBuildFile; fileRef = 83B34E00278735FF009A8009 /* AppDelegate.swift */; };
		83B34E03278735FF009A8009 /* SceneDelegate.swift in Sources */ = {isa = PBXBuildFile; fileRef = 83B34E02278735FF009A8009 /* SceneDelegate.swift */; };
		83B34E0A27873600009A8009 /* Assets.xcassets in Resources */ = {isa = PBXBuildFile; fileRef = 83B34E0927873600009A8009 /* Assets.xcassets */; };
/* End PBXBuildFile section */

/* Begin PBXFileReference section */
		236279122796840B00C16340 /* Home.storyboard */ = {isa = PBXFileReference; lastKnownFileType = file.storyboard; path = Home.storyboard; sourceTree = "<group>"; };
		236279142796841A00C16340 /* HomeViewController.swift */ = {isa = PBXFileReference; lastKnownFileType = sourcecode.swift; path = HomeViewController.swift; sourceTree = "<group>"; };
		236279162796894800C16340 /* Main.storyboard */ = {isa = PBXFileReference; lastKnownFileType = file.storyboard; path = Main.storyboard; sourceTree = "<group>"; };
		237FDF5527AFEC1500898B22 /* HashtagDetailDataModel.swift */ = {isa = PBXFileReference; fileEncoding = 4; lastKnownFileType = sourcecode.swift; name = HashtagDetailDataModel.swift; path = ../HashtagDetailDataModel.swift; sourceTree = "<group>"; };
		237FDF5627AFEC1500898B22 /* HomePosterDataModel.swift */ = {isa = PBXFileReference; fileEncoding = 4; lastKnownFileType = sourcecode.swift; name = HomePosterDataModel.swift; path = ../HomePosterDataModel.swift; sourceTree = "<group>"; };
		237FDF5727AFEC1500898B22 /* HomeHashtagDataModel.swift */ = {isa = PBXFileReference; fileEncoding = 4; lastKnownFileType = sourcecode.swift; name = HomeHashtagDataModel.swift; path = ../HomeHashtagDataModel.swift; sourceTree = "<group>"; };
		23842A8C279EBCD600621427 /* HomeViewController.swift */ = {isa = PBXFileReference; fileEncoding = 4; lastKnownFileType = sourcecode.swift; path = HomeViewController.swift; sourceTree = "<group>"; };
		23842A8E279EBCD600621427 /* ReviewEditViewController.swift */ = {isa = PBXFileReference; fileEncoding = 4; lastKnownFileType = sourcecode.swift; path = ReviewEditViewController.swift; sourceTree = "<group>"; };
		23842A8F279EBCD600621427 /* ReviewViewController.swift */ = {isa = PBXFileReference; fileEncoding = 4; lastKnownFileType = sourcecode.swift; path = ReviewViewController.swift; sourceTree = "<group>"; };
		23842A90279EBCD600621427 /* HomeImageViewController.swift */ = {isa = PBXFileReference; fileEncoding = 4; lastKnownFileType = sourcecode.swift; path = HomeImageViewController.swift; sourceTree = "<group>"; };
		23842A91279EBCD600621427 /* HashtagDetailViewController.swift */ = {isa = PBXFileReference; fileEncoding = 4; lastKnownFileType = sourcecode.swift; path = HashtagDetailViewController.swift; sourceTree = "<group>"; };
		23842A98279EBCE800621427 /* HashtagCollectionViewCell.swift */ = {isa = PBXFileReference; fileEncoding = 4; lastKnownFileType = sourcecode.swift; name = HashtagCollectionViewCell.swift; path = Hyangyu/Sources/Cells/HashtagCollectionViewCell.swift; sourceTree = SOURCE_ROOT; };
		23842A99279EBCE800621427 /* ReviewTableViewCell.swift */ = {isa = PBXFileReference; fileEncoding = 4; lastKnownFileType = sourcecode.swift; name = ReviewTableViewCell.swift; path = Hyangyu/Sources/Cells/ReviewTableViewCell.swift; sourceTree = SOURCE_ROOT; };
		23842A9A279EBCE800621427 /* HomeImageCollectionViewCell.swift */ = {isa = PBXFileReference; fileEncoding = 4; lastKnownFileType = sourcecode.swift; name = HomeImageCollectionViewCell.swift; path = Hyangyu/Sources/Cells/HomeImageCollectionViewCell.swift; sourceTree = SOURCE_ROOT; };
		23842A9B279EBCE800621427 /* HashtagDetailTableViewCell.swift */ = {isa = PBXFileReference; fileEncoding = 4; lastKnownFileType = sourcecode.swift; name = HashtagDetailTableViewCell.swift; path = Hyangyu/Sources/Cells/HashtagDetailTableViewCell.swift; sourceTree = SOURCE_ROOT; };
		23842AA3279EBCF800621427 /* ReviewDataModel.swift */ = {isa = PBXFileReference; fileEncoding = 4; lastKnownFileType = sourcecode.swift; name = ReviewDataModel.swift; path = ../ReviewDataModel.swift; sourceTree = "<group>"; };
		23842AA8279EBD3800621427 /* Review.storyboard */ = {isa = PBXFileReference; fileEncoding = 4; lastKnownFileType = file.storyboard; path = Review.storyboard; sourceTree = "<group>"; };
		23C6669927B4CCAE00FD2BF0 /* HomeApiDataModel.swift */ = {isa = PBXFileReference; fileEncoding = 4; lastKnownFileType = sourcecode.swift; path = HomeApiDataModel.swift; sourceTree = "<group>"; };
		23C6669B27B4CCB000FD2BF0 /* HomeGetDataService.swift */ = {isa = PBXFileReference; lastKnownFileType = sourcecode.swift; path = HomeGetDataService.swift; sourceTree = "<group>"; };
		23C6669D27B4CCB500FD2BF0 /* HomeNetworkResult.swift */ = {isa = PBXFileReference; fileEncoding = 4; lastKnownFileType = sourcecode.swift; name = HomeNetworkResult.swift; path = Hyangyu/Sources/APIModels/HomeAPIModels/HomeNetworkResult.swift; sourceTree = SOURCE_ROOT; };
		804693A4DEEB4D51050E0217 /* Pods_Hyangyu.framework */ = {isa = PBXFileReference; explicitFileType = wrapper.framework; includeInIndex = 0; path = Pods_Hyangyu.framework; sourceTree = BUILT_PRODUCTS_DIR; };
		83B34DFD278735FF009A8009 /* Hyangyu.app */ = {isa = PBXFileReference; explicitFileType = wrapper.application; includeInIndex = 0; path = Hyangyu.app; sourceTree = BUILT_PRODUCTS_DIR; };
		83B34E00278735FF009A8009 /* AppDelegate.swift */ = {isa = PBXFileReference; lastKnownFileType = sourcecode.swift; path = AppDelegate.swift; sourceTree = "<group>"; };
		83B34E02278735FF009A8009 /* SceneDelegate.swift */ = {isa = PBXFileReference; lastKnownFileType = sourcecode.swift; path = SceneDelegate.swift; sourceTree = "<group>"; };
		83B34E0927873600009A8009 /* Assets.xcassets */ = {isa = PBXFileReference; lastKnownFileType = folder.assetcatalog; path = Assets.xcassets; sourceTree = "<group>"; };
		83B34E0E27873600009A8009 /* Info.plist */ = {isa = PBXFileReference; lastKnownFileType = text.plist.xml; path = Info.plist; sourceTree = "<group>"; };
		9EA327C994450EF6EBF2D7D3 /* Pods-Hyangyu.debug.xcconfig */ = {isa = PBXFileReference; includeInIndex = 1; lastKnownFileType = text.xcconfig; name = "Pods-Hyangyu.debug.xcconfig"; path = "Target Support Files/Pods-Hyangyu/Pods-Hyangyu.debug.xcconfig"; sourceTree = "<group>"; };
		FA2EBFDC269698930C317BFF /* Pods-Hyangyu.release.xcconfig */ = {isa = PBXFileReference; includeInIndex = 1; lastKnownFileType = text.xcconfig; name = "Pods-Hyangyu.release.xcconfig"; path = "Target Support Files/Pods-Hyangyu/Pods-Hyangyu.release.xcconfig"; sourceTree = "<group>"; };
/* End PBXFileReference section */

/* Begin PBXFrameworksBuildPhase section */
		83B34DFA278735FF009A8009 /* Frameworks */ = {
			isa = PBXFrameworksBuildPhase;
			buildActionMask = 2147483647;
			files = (
				6A4324E6077B73484DAA70C1 /* Pods_Hyangyu.framework in Frameworks */,
			);
			runOnlyForDeploymentPostprocessing = 0;
		};
/* End PBXFrameworksBuildPhase section */

/* Begin PBXGroup section */
		23C6669827B4CC9F00FD2BF0 /* HomeAPIModel */ = {
			isa = PBXGroup;
			children = (
				23C6669B27B4CCB000FD2BF0 /* HomeGetDataService.swift */,
				23C6669D27B4CCB500FD2BF0 /* HomeNetworkResult.swift */,
				23C6669927B4CCAE00FD2BF0 /* HomeApiDataModel.swift */,
			);
			path = HomeAPIModel;
			sourceTree = "<group>";
		};
		66E8DBB31F43C4F6A3ADC179 /* Pods */ = {
			isa = PBXGroup;
			children = (
				9EA327C994450EF6EBF2D7D3 /* Pods-Hyangyu.debug.xcconfig */,
				FA2EBFDC269698930C317BFF /* Pods-Hyangyu.release.xcconfig */,
			);
			path = Pods;
			sourceTree = "<group>";
		};
		83B34DF4278735FF009A8009 = {
			isa = PBXGroup;
			children = (
				83B34DFF278735FF009A8009 /* Hyangyu */,
				83B34DFE278735FF009A8009 /* Products */,
				66E8DBB31F43C4F6A3ADC179 /* Pods */,
				BA51C7743633621614EE40D5 /* Frameworks */,
			);
			sourceTree = "<group>";
		};
		83B34DFE278735FF009A8009 /* Products */ = {
			isa = PBXGroup;
			children = (
				83B34DFD278735FF009A8009 /* Hyangyu.app */,
			);
			name = Products;
			sourceTree = "<group>";
		};
		83B34DFF278735FF009A8009 /* Hyangyu */ = {
			isa = PBXGroup;
			children = (
				83B34E162787364A009A8009 /* Sources */,
				83B34E1527873640009A8009 /* Resources */,
			);
			path = Hyangyu;
			sourceTree = "<group>";
		};
		83B34E1527873640009A8009 /* Resources */ = {
			isa = PBXGroup;
			children = (
				83B34E182787367D009A8009 /* Storyboards */,
				83B34E172787366C009A8009 /* Font */,
				83B34E0927873600009A8009 /* Assets.xcassets */,
				83B34E0E27873600009A8009 /* Info.plist */,
			);
			path = Resources;
			sourceTree = "<group>";
		};
		83B34E162787364A009A8009 /* Sources */ = {
			isa = PBXGroup;
			children = (
				83B34E1D278736E3009A8009 /* ViewModels */,
				83B34E1C278736D0009A8009 /* Cells */,
				83B34E1B278736C4009A8009 /* APIModels */,
				83B34E1A278736B3009A8009 /* ViewControllers */,
				83B34E19278736A8009A8009 /* Views */,
				83B34E00278735FF009A8009 /* AppDelegate.swift */,
				83B34E02278735FF009A8009 /* SceneDelegate.swift */,
			);
			path = Sources;
			sourceTree = "<group>";
		};
		83B34E172787366C009A8009 /* Font */ = {
			isa = PBXGroup;
			children = (
			);
			path = Font;
			sourceTree = "<group>";
		};
		83B34E182787367D009A8009 /* Storyboards */ = {
			isa = PBXGroup;
			children = (
				236279122796840B00C16340 /* Home.storyboard */,
				23842AA8279EBD3800621427 /* Review.storyboard */,
				236279162796894800C16340 /* Main.storyboard */,
			);
			path = Storyboards;
			sourceTree = "<group>";
		};
		83B34E19278736A8009A8009 /* Views */ = {
			isa = PBXGroup;
			children = (
			);
			path = Views;
			sourceTree = "<group>";
		};
		83B34E1A278736B3009A8009 /* ViewControllers */ = {
			isa = PBXGroup;
			children = (
				23842A91279EBCD600621427 /* HashtagDetailViewController.swift */,
				23842A90279EBCD600621427 /* HomeImageViewController.swift */,
				23842A8C279EBCD600621427 /* HomeViewController.swift */,
				23842A8E279EBCD600621427 /* ReviewEditViewController.swift */,
				23842A8F279EBCD600621427 /* ReviewViewController.swift */,
				236279142796841A00C16340 /* HomeViewController.swift */,
			);
			path = ViewControllers;
			sourceTree = "<group>";
		};
		83B34E1B278736C4009A8009 /* APIModels */ = {
			isa = PBXGroup;
			children = (
				23C6669827B4CC9F00FD2BF0 /* HomeAPIModel */,
			);
			path = APIModels;
			sourceTree = "<group>";
		};
		83B34E1C278736D0009A8009 /* Cells */ = {
			isa = PBXGroup;
			children = (
				23842A98279EBCE800621427 /* HashtagCollectionViewCell.swift */,
				23842A9B279EBCE800621427 /* HashtagDetailTableViewCell.swift */,
				23842A9A279EBCE800621427 /* HomeImageCollectionViewCell.swift */,
				23842A99279EBCE800621427 /* ReviewTableViewCell.swift */,
			);
			path = Cells;
			sourceTree = "<group>";
		};
		83B34E1D278736E3009A8009 /* ViewModels */ = {
			isa = PBXGroup;
			children = (
				237FDF5527AFEC1500898B22 /* HashtagDetailDataModel.swift */,
				237FDF5727AFEC1500898B22 /* HomeHashtagDataModel.swift */,
				237FDF5627AFEC1500898B22 /* HomePosterDataModel.swift */,
				23842AA3279EBCF800621427 /* ReviewDataModel.swift */,
			);
			path = ViewModels;
			sourceTree = "<group>";
		};
		BA51C7743633621614EE40D5 /* Frameworks */ = {
			isa = PBXGroup;
			children = (
				804693A4DEEB4D51050E0217 /* Pods_Hyangyu.framework */,
			);
			name = Frameworks;
			sourceTree = "<group>";
		};
/* End PBXGroup section */

/* Begin PBXNativeTarget section */
		83B34DFC278735FF009A8009 /* Hyangyu */ = {
			isa = PBXNativeTarget;
			buildConfigurationList = 83B34E1127873600009A8009 /* Build configuration list for PBXNativeTarget "Hyangyu" */;
			buildPhases = (
				BCD7B72CE654B49324CC23F9 /* [CP] Check Pods Manifest.lock */,
				83B34DF9278735FF009A8009 /* Sources */,
				83B34DFA278735FF009A8009 /* Frameworks */,
				83B34DFB278735FF009A8009 /* Resources */,
				C6B0C43D83B78067A71A40BC /* [CP] Embed Pods Frameworks */,
				83B34E1F27873ACA009A8009 /* ShellScript */,
			);
			buildRules = (
			);
			dependencies = (
			);
			name = Hyangyu;
			productName = Hyangyu;
			productReference = 83B34DFD278735FF009A8009 /* Hyangyu.app */;
			productType = "com.apple.product-type.application";
		};
/* End PBXNativeTarget section */

/* Begin PBXProject section */
		83B34DF5278735FF009A8009 /* Project object */ = {
			isa = PBXProject;
			attributes = {
				LastSwiftUpdateCheck = 1210;
				LastUpgradeCheck = 1210;
				TargetAttributes = {
					83B34DFC278735FF009A8009 = {
						CreatedOnToolsVersion = 12.1;
					};
				};
			};
			buildConfigurationList = 83B34DF8278735FF009A8009 /* Build configuration list for PBXProject "Hyangyu" */;
			compatibilityVersion = "Xcode 9.3";
			developmentRegion = en;
			hasScannedForEncodings = 0;
			knownRegions = (
				en,
				Base,
			);
			mainGroup = 83B34DF4278735FF009A8009;
			productRefGroup = 83B34DFE278735FF009A8009 /* Products */;
			projectDirPath = "";
			projectRoot = "";
			targets = (
				83B34DFC278735FF009A8009 /* Hyangyu */,
			);
		};
/* End PBXProject section */

/* Begin PBXResourcesBuildPhase section */
		83B34DFB278735FF009A8009 /* Resources */ = {
			isa = PBXResourcesBuildPhase;
			buildActionMask = 2147483647;
			files = (
				236279172796894800C16340 /* Main.storyboard in Resources */,
				23C6669327B3C3ED00FD2BF0 /* Home.storyboard in Resources */,
				83B34E0A27873600009A8009 /* Assets.xcassets in Resources */,
				23842AA9279EBD3800621427 /* Review.storyboard in Resources */,
			);
			runOnlyForDeploymentPostprocessing = 0;
		};
/* End PBXResourcesBuildPhase section */

/* Begin PBXShellScriptBuildPhase section */
		83B34E1F27873ACA009A8009 /* ShellScript */ = {
			isa = PBXShellScriptBuildPhase;
			buildActionMask = 2147483647;
			files = (
			);
			inputFileListPaths = (
			);
			inputPaths = (
			);
			outputFileListPaths = (
			);
			outputPaths = (
			);
			runOnlyForDeploymentPostprocessing = 0;
			shellPath = /bin/sh;
			shellScript = "${PODS_ROOT}/SwiftLint/swiftlint\n\n";
		};
		BCD7B72CE654B49324CC23F9 /* [CP] Check Pods Manifest.lock */ = {
			isa = PBXShellScriptBuildPhase;
			buildActionMask = 2147483647;
			files = (
			);
			inputFileListPaths = (
			);
			inputPaths = (
				"${PODS_PODFILE_DIR_PATH}/Podfile.lock",
				"${PODS_ROOT}/Manifest.lock",
			);
			name = "[CP] Check Pods Manifest.lock";
			outputFileListPaths = (
			);
			outputPaths = (
				"$(DERIVED_FILE_DIR)/Pods-Hyangyu-checkManifestLockResult.txt",
			);
			runOnlyForDeploymentPostprocessing = 0;
			shellPath = /bin/sh;
			shellScript = "diff \"${PODS_PODFILE_DIR_PATH}/Podfile.lock\" \"${PODS_ROOT}/Manifest.lock\" > /dev/null\nif [ $? != 0 ] ; then\n    # print error to STDERR\n    echo \"error: The sandbox is not in sync with the Podfile.lock. Run 'pod install' or update your CocoaPods installation.\" >&2\n    exit 1\nfi\n# This output is used by Xcode 'outputs' to avoid re-running this script phase.\necho \"SUCCESS\" > \"${SCRIPT_OUTPUT_FILE_0}\"\n";
			showEnvVarsInLog = 0;
		};
		C6B0C43D83B78067A71A40BC /* [CP] Embed Pods Frameworks */ = {
			isa = PBXShellScriptBuildPhase;
			buildActionMask = 2147483647;
			files = (
			);
			inputFileListPaths = (
				"${PODS_ROOT}/Target Support Files/Pods-Hyangyu/Pods-Hyangyu-frameworks-${CONFIGURATION}-input-files.xcfilelist",
			);
			name = "[CP] Embed Pods Frameworks";
			outputFileListPaths = (
				"${PODS_ROOT}/Target Support Files/Pods-Hyangyu/Pods-Hyangyu-frameworks-${CONFIGURATION}-output-files.xcfilelist",
			);
			runOnlyForDeploymentPostprocessing = 0;
			shellPath = /bin/sh;
			shellScript = "\"${PODS_ROOT}/Target Support Files/Pods-Hyangyu/Pods-Hyangyu-frameworks.sh\"\n";
			showEnvVarsInLog = 0;
		};
/* End PBXShellScriptBuildPhase section */

/* Begin PBXSourcesBuildPhase section */
		83B34DF9278735FF009A8009 /* Sources */ = {
			isa = PBXSourcesBuildPhase;
			buildActionMask = 2147483647;
			files = (
				83B34E01278735FF009A8009 /* AppDelegate.swift in Sources */,
				23842A95279EBCD600621427 /* ReviewViewController.swift in Sources */,
				23842A96279EBCD600621427 /* HomeImageViewController.swift in Sources */,
				23C6669A27B4CCAE00FD2BF0 /* HomeApiDataModel.swift in Sources */,
				23842A94279EBCD600621427 /* ReviewEditViewController.swift in Sources */,
				23842AA7279EBCF800621427 /* ReviewDataModel.swift in Sources */,
				23C6669E27B4CCB500FD2BF0 /* HomeNetworkResult.swift in Sources */,
				23842A9E279EBCE800621427 /* HomeImageCollectionViewCell.swift in Sources */,
				23842A9C279EBCE800621427 /* HashtagCollectionViewCell.swift in Sources */,
				23842A9D279EBCE800621427 /* ReviewTableViewCell.swift in Sources */,
				83B34E03278735FF009A8009 /* SceneDelegate.swift in Sources */,
				237FDF5A27AFEC1500898B22 /* HomePosterDataModel.swift in Sources */,
				237FDF5927AFEC1500898B22 /* HashtagDetailDataModel.swift in Sources */,
				236279152796841A00C16340 /* HomeViewController.swift in Sources */,
				23842A97279EBCD600621427 /* HashtagDetailViewController.swift in Sources */,
				237FDF5B27AFEC1500898B22 /* HomeHashtagDataModel.swift in Sources */,
				23842A9F279EBCE800621427 /* HashtagDetailTableViewCell.swift in Sources */,
				23842A92279EBCD600621427 /* HomeViewController.swift in Sources */,
				23C6669C27B4CCB000FD2BF0 /* HomeGetDataService.swift in Sources */,
			);
			runOnlyForDeploymentPostprocessing = 0;
		};
/* End PBXSourcesBuildPhase section */

/* Begin XCBuildConfiguration section */
		83B34E0F27873600009A8009 /* Debug */ = {
			isa = XCBuildConfiguration;
			buildSettings = {
				ALWAYS_SEARCH_USER_PATHS = NO;
				CLANG_ANALYZER_NONNULL = YES;
				CLANG_ANALYZER_NUMBER_OBJECT_CONVERSION = YES_AGGRESSIVE;
				CLANG_CXX_LANGUAGE_STANDARD = "gnu++14";
				CLANG_CXX_LIBRARY = "libc++";
				CLANG_ENABLE_MODULES = YES;
				CLANG_ENABLE_OBJC_ARC = YES;
				CLANG_ENABLE_OBJC_WEAK = YES;
				CLANG_WARN_BLOCK_CAPTURE_AUTORELEASING = YES;
				CLANG_WARN_BOOL_CONVERSION = YES;
				CLANG_WARN_COMMA = YES;
				CLANG_WARN_CONSTANT_CONVERSION = YES;
				CLANG_WARN_DEPRECATED_OBJC_IMPLEMENTATIONS = YES;
				CLANG_WARN_DIRECT_OBJC_ISA_USAGE = YES_ERROR;
				CLANG_WARN_DOCUMENTATION_COMMENTS = YES;
				CLANG_WARN_EMPTY_BODY = YES;
				CLANG_WARN_ENUM_CONVERSION = YES;
				CLANG_WARN_INFINITE_RECURSION = YES;
				CLANG_WARN_INT_CONVERSION = YES;
				CLANG_WARN_NON_LITERAL_NULL_CONVERSION = YES;
				CLANG_WARN_OBJC_IMPLICIT_RETAIN_SELF = YES;
				CLANG_WARN_OBJC_LITERAL_CONVERSION = YES;
				CLANG_WARN_OBJC_ROOT_CLASS = YES_ERROR;
				CLANG_WARN_QUOTED_INCLUDE_IN_FRAMEWORK_HEADER = YES;
				CLANG_WARN_RANGE_LOOP_ANALYSIS = YES;
				CLANG_WARN_STRICT_PROTOTYPES = YES;
				CLANG_WARN_SUSPICIOUS_MOVE = YES;
				CLANG_WARN_UNGUARDED_AVAILABILITY = YES_AGGRESSIVE;
				CLANG_WARN_UNREACHABLE_CODE = YES;
				CLANG_WARN__DUPLICATE_METHOD_MATCH = YES;
				COPY_PHASE_STRIP = NO;
				DEBUG_INFORMATION_FORMAT = dwarf;
				ENABLE_STRICT_OBJC_MSGSEND = YES;
				ENABLE_TESTABILITY = YES;
				GCC_C_LANGUAGE_STANDARD = gnu11;
				GCC_DYNAMIC_NO_PIC = NO;
				GCC_NO_COMMON_BLOCKS = YES;
				GCC_OPTIMIZATION_LEVEL = 0;
				GCC_PREPROCESSOR_DEFINITIONS = (
					"DEBUG=1",
					"$(inherited)",
				);
				GCC_WARN_64_TO_32_BIT_CONVERSION = YES;
				GCC_WARN_ABOUT_RETURN_TYPE = YES_ERROR;
				GCC_WARN_UNDECLARED_SELECTOR = YES;
				GCC_WARN_UNINITIALIZED_AUTOS = YES_AGGRESSIVE;
				GCC_WARN_UNUSED_FUNCTION = YES;
				GCC_WARN_UNUSED_VARIABLE = YES;
				IPHONEOS_DEPLOYMENT_TARGET = 14.1;
				MTL_ENABLE_DEBUG_INFO = INCLUDE_SOURCE;
				MTL_FAST_MATH = YES;
				ONLY_ACTIVE_ARCH = YES;
				SDKROOT = iphoneos;
				SWIFT_ACTIVE_COMPILATION_CONDITIONS = DEBUG;
				SWIFT_OPTIMIZATION_LEVEL = "-Onone";
			};
			name = Debug;
		};
		83B34E1027873600009A8009 /* Release */ = {
			isa = XCBuildConfiguration;
			buildSettings = {
				ALWAYS_SEARCH_USER_PATHS = NO;
				CLANG_ANALYZER_NONNULL = YES;
				CLANG_ANALYZER_NUMBER_OBJECT_CONVERSION = YES_AGGRESSIVE;
				CLANG_CXX_LANGUAGE_STANDARD = "gnu++14";
				CLANG_CXX_LIBRARY = "libc++";
				CLANG_ENABLE_MODULES = YES;
				CLANG_ENABLE_OBJC_ARC = YES;
				CLANG_ENABLE_OBJC_WEAK = YES;
				CLANG_WARN_BLOCK_CAPTURE_AUTORELEASING = YES;
				CLANG_WARN_BOOL_CONVERSION = YES;
				CLANG_WARN_COMMA = YES;
				CLANG_WARN_CONSTANT_CONVERSION = YES;
				CLANG_WARN_DEPRECATED_OBJC_IMPLEMENTATIONS = YES;
				CLANG_WARN_DIRECT_OBJC_ISA_USAGE = YES_ERROR;
				CLANG_WARN_DOCUMENTATION_COMMENTS = YES;
				CLANG_WARN_EMPTY_BODY = YES;
				CLANG_WARN_ENUM_CONVERSION = YES;
				CLANG_WARN_INFINITE_RECURSION = YES;
				CLANG_WARN_INT_CONVERSION = YES;
				CLANG_WARN_NON_LITERAL_NULL_CONVERSION = YES;
				CLANG_WARN_OBJC_IMPLICIT_RETAIN_SELF = YES;
				CLANG_WARN_OBJC_LITERAL_CONVERSION = YES;
				CLANG_WARN_OBJC_ROOT_CLASS = YES_ERROR;
				CLANG_WARN_QUOTED_INCLUDE_IN_FRAMEWORK_HEADER = YES;
				CLANG_WARN_RANGE_LOOP_ANALYSIS = YES;
				CLANG_WARN_STRICT_PROTOTYPES = YES;
				CLANG_WARN_SUSPICIOUS_MOVE = YES;
				CLANG_WARN_UNGUARDED_AVAILABILITY = YES_AGGRESSIVE;
				CLANG_WARN_UNREACHABLE_CODE = YES;
				CLANG_WARN__DUPLICATE_METHOD_MATCH = YES;
				COPY_PHASE_STRIP = NO;
				DEBUG_INFORMATION_FORMAT = "dwarf-with-dsym";
				ENABLE_NS_ASSERTIONS = NO;
				ENABLE_STRICT_OBJC_MSGSEND = YES;
				GCC_C_LANGUAGE_STANDARD = gnu11;
				GCC_NO_COMMON_BLOCKS = YES;
				GCC_WARN_64_TO_32_BIT_CONVERSION = YES;
				GCC_WARN_ABOUT_RETURN_TYPE = YES_ERROR;
				GCC_WARN_UNDECLARED_SELECTOR = YES;
				GCC_WARN_UNINITIALIZED_AUTOS = YES_AGGRESSIVE;
				GCC_WARN_UNUSED_FUNCTION = YES;
				GCC_WARN_UNUSED_VARIABLE = YES;
				IPHONEOS_DEPLOYMENT_TARGET = 14.1;
				MTL_ENABLE_DEBUG_INFO = NO;
				MTL_FAST_MATH = YES;
				SDKROOT = iphoneos;
				SWIFT_COMPILATION_MODE = wholemodule;
				SWIFT_OPTIMIZATION_LEVEL = "-O";
				VALIDATE_PRODUCT = YES;
			};
			name = Release;
		};
		83B34E1227873600009A8009 /* Debug */ = {
			isa = XCBuildConfiguration;
			baseConfigurationReference = 9EA327C994450EF6EBF2D7D3 /* Pods-Hyangyu.debug.xcconfig */;
			buildSettings = {
				ASSETCATALOG_COMPILER_APPICON_NAME = AppIcon;
				ASSETCATALOG_COMPILER_GLOBAL_ACCENT_COLOR_NAME = AccentColor;
				CODE_SIGN_STYLE = Automatic;
				INFOPLIST_FILE = Hyangyu/Resources/Info.plist;
				LD_RUNPATH_SEARCH_PATHS = (
					"$(inherited)",
					"@executable_path/Frameworks",
				);
				PRODUCT_BUNDLE_IDENTIFIER = com.2m4t.Hyangyu.Hyangyu;
				PRODUCT_NAME = "$(TARGET_NAME)";
				SWIFT_VERSION = 5.0;
				TARGETED_DEVICE_FAMILY = "1,2";
			};
			name = Debug;
		};
		83B34E1327873600009A8009 /* Release */ = {
			isa = XCBuildConfiguration;
			baseConfigurationReference = FA2EBFDC269698930C317BFF /* Pods-Hyangyu.release.xcconfig */;
			buildSettings = {
				ASSETCATALOG_COMPILER_APPICON_NAME = AppIcon;
				ASSETCATALOG_COMPILER_GLOBAL_ACCENT_COLOR_NAME = AccentColor;
				CODE_SIGN_STYLE = Automatic;
				INFOPLIST_FILE = Hyangyu/Resources/Info.plist;
				LD_RUNPATH_SEARCH_PATHS = (
					"$(inherited)",
					"@executable_path/Frameworks",
				);
				PRODUCT_BUNDLE_IDENTIFIER = com.2m4t.Hyangyu.Hyangyu;
				PRODUCT_NAME = "$(TARGET_NAME)";
				SWIFT_VERSION = 5.0;
				TARGETED_DEVICE_FAMILY = "1,2";
			};
			name = Release;
		};
/* End XCBuildConfiguration section */

/* Begin XCConfigurationList section */
		83B34DF8278735FF009A8009 /* Build configuration list for PBXProject "Hyangyu" */ = {
			isa = XCConfigurationList;
			buildConfigurations = (
				83B34E0F27873600009A8009 /* Debug */,
				83B34E1027873600009A8009 /* Release */,
			);
			defaultConfigurationIsVisible = 0;
			defaultConfigurationName = Release;
		};
		83B34E1127873600009A8009 /* Build configuration list for PBXNativeTarget "Hyangyu" */ = {
			isa = XCConfigurationList;
			buildConfigurations = (
				83B34E1227873600009A8009 /* Debug */,
				83B34E1327873600009A8009 /* Release */,
			);
			defaultConfigurationIsVisible = 0;
			defaultConfigurationName = Release;
		};
/* End XCConfigurationList section */
	};
	rootObject = 83B34DF5278735FF009A8009 /* Project object */;
}
